
Microsoft Visual Studio Solution File, Format Version 12.00
# Visual Studio Version 16
VisualStudioVersion = 16.0.30413.136
MinimumVisualStudioVersion = 10.0.40219.1
Project("{2150E333-8FDC-42A3-9474-1A3956D46DE8}") = "src", "src", "{5F53CB44-48DD-495E-876C-88A399EE8C29}"
EndProject
Project("{2150E333-8FDC-42A3-9474-1A3956D46DE8}") = "tests", "tests", "{B00A3A16-0FFB-4A1D-AE86-834FADC13982}"
EndProject
Project("{9A19103F-16F7-4668-BE54-9A1E7A4F7556}") = "CurePlease.Utilities", "src\CurePlease.Utilities\CurePlease.Utilities.csproj", "{2EB8368D-C3CD-4223-AB89-1B9218AAE6C5}"
EndProject
Project("{9A19103F-16F7-4668-BE54-9A1E7A4F7556}") = "CurePlease.Model", "src\CurePlease.Model\CurePlease.Model.csproj", "{DE583538-082A-4ED2-BCAD-36B7FDFDD0E0}"
EndProject
Project("{9A19103F-16F7-4668-BE54-9A1E7A4F7556}") = "CurePlease.Infrastructure", "src\CurePlease.Infrastructure\CurePlease.Infrastructure.csproj", "{AE3675B2-7995-4CA4-9F53-F085A8BCC136}"
EndProject
Project("{9A19103F-16F7-4668-BE54-9A1E7A4F7556}") = "CurePlease", "src\CurePlease\CurePlease.csproj", "{021481DD-B938-438A-AF6E-3EDB8F81EB9E}"
EndProject
Project("{9A19103F-16F7-4668-BE54-9A1E7A4F7556}") = "CurePlease.Engine", "src\CurePlease.Engine\CurePlease.Engine.csproj", "{30D75892-A2E2-4F52-950A-C9FC1CFD75BB}"
EndProject
Project("{2150E333-8FDC-42A3-9474-1A3956D46DE8}") = "libraries", "libraries", "{A421D8F8-A626-44C5-8E3C-939BB5D038F1}"
	ProjectSection(SolutionItems) = preProject
		src\libraries\EliteAPI.dll = src\libraries\EliteAPI.dll
		src\libraries\EliteMMO.API.dll = src\libraries\EliteMMO.API.dll
	EndProjectSection
EndProject
Project("{FAE04EC0-301F-11D3-BF4B-00C04F79EFBC}") = "CurePlease.Infrastructure.Tests", "tests\CurePlease.Infrastructure.Tests\CurePlease.Infrastructure.Tests.csproj", "{CE107BD6-877B-4758-9C9D-350AA9013761}"
EndProject
Global
	GlobalSection(SolutionConfigurationPlatforms) = preSolution
		Debug|Any CPU = Debug|Any CPU
		Release|Any CPU = Release|Any CPU
	EndGlobalSection
	GlobalSection(ProjectConfigurationPlatforms) = postSolution
		{2EB8368D-C3CD-4223-AB89-1B9218AAE6C5}.Debug|Any CPU.ActiveCfg = Debug|Any CPU
		{2EB8368D-C3CD-4223-AB89-1B9218AAE6C5}.Debug|Any CPU.Build.0 = Debug|Any CPU
		{2EB8368D-C3CD-4223-AB89-1B9218AAE6C5}.Release|Any CPU.ActiveCfg = Release|Any CPU
		{2EB8368D-C3CD-4223-AB89-1B9218AAE6C5}.Release|Any CPU.Build.0 = Release|Any CPU
		{DE583538-082A-4ED2-BCAD-36B7FDFDD0E0}.Debug|Any CPU.ActiveCfg = Debug|Any CPU
		{DE583538-082A-4ED2-BCAD-36B7FDFDD0E0}.Debug|Any CPU.Build.0 = Debug|Any CPU
		{DE583538-082A-4ED2-BCAD-36B7FDFDD0E0}.Release|Any CPU.ActiveCfg = Release|Any CPU
		{DE583538-082A-4ED2-BCAD-36B7FDFDD0E0}.Release|Any CPU.Build.0 = Release|Any CPU
		{AE3675B2-7995-4CA4-9F53-F085A8BCC136}.Debug|Any CPU.ActiveCfg = Debug|Any CPU
		{AE3675B2-7995-4CA4-9F53-F085A8BCC136}.Debug|Any CPU.Build.0 = Debug|Any CPU
		{AE3675B2-7995-4CA4-9F53-F085A8BCC136}.Release|Any CPU.ActiveCfg = Release|Any CPU
		{AE3675B2-7995-4CA4-9F53-F085A8BCC136}.Release|Any CPU.Build.0 = Release|Any CPU
		{021481DD-B938-438A-AF6E-3EDB8F81EB9E}.Debug|Any CPU.ActiveCfg = Debug|Any CPU
		{021481DD-B938-438A-AF6E-3EDB8F81EB9E}.Debug|Any CPU.Build.0 = Debug|Any CPU
		{021481DD-B938-438A-AF6E-3EDB8F81EB9E}.Release|Any CPU.ActiveCfg = Release|Any CPU
		{021481DD-B938-438A-AF6E-3EDB8F81EB9E}.Release|Any CPU.Build.0 = Release|Any CPU
		{30D75892-A2E2-4F52-950A-C9FC1CFD75BB}.Debug|Any CPU.ActiveCfg = Debug|Any CPU
		{30D75892-A2E2-4F52-950A-C9FC1CFD75BB}.Debug|Any CPU.Build.0 = Debug|Any CPU
		{30D75892-A2E2-4F52-950A-C9FC1CFD75BB}.Release|Any CPU.ActiveCfg = Release|Any CPU
		{30D75892-A2E2-4F52-950A-C9FC1CFD75BB}.Release|Any CPU.Build.0 = Release|Any CPU
		{CE107BD6-877B-4758-9C9D-350AA9013761}.Debug|Any CPU.ActiveCfg = Debug|Any CPU
		{CE107BD6-877B-4758-9C9D-350AA9013761}.Debug|Any CPU.Build.0 = Debug|Any CPU
		{CE107BD6-877B-4758-9C9D-350AA9013761}.Release|Any CPU.ActiveCfg = Release|Any CPU
		{CE107BD6-877B-4758-9C9D-350AA9013761}.Release|Any CPU.Build.0 = Release|Any CPU
	EndGlobalSection
	GlobalSection(SolutionProperties) = preSolution
		HideSolutionNode = FALSE
	EndGlobalSection
	GlobalSection(NestedProjects) = preSolution
		{2EB8368D-C3CD-4223-AB89-1B9218AAE6C5} = {5F53CB44-48DD-495E-876C-88A399EE8C29}
		{DE583538-082A-4ED2-BCAD-36B7FDFDD0E0} = {5F53CB44-48DD-495E-876C-88A399EE8C29}
		{AE3675B2-7995-4CA4-9F53-F085A8BCC136} = {5F53CB44-48DD-495E-876C-88A399EE8C29}
		{021481DD-B938-438A-AF6E-3EDB8F81EB9E} = {5F53CB44-48DD-495E-876C-88A399EE8C29}
		{30D75892-A2E2-4F52-950A-C9FC1CFD75BB} = {5F53CB44-48DD-495E-876C-88A399EE8C29}
		{A421D8F8-A626-44C5-8E3C-939BB5D038F1} = {5F53CB44-48DD-495E-876C-88A399EE8C29}
		{CE107BD6-877B-4758-9C9D-350AA9013761} = {B00A3A16-0FFB-4A1D-AE86-834FADC13982}
	EndGlobalSection
	GlobalSection(ExtensibilityGlobals) = postSolution
		SolutionGuid = {44540655-82B7-4CD4-9E5F-102B0AD69BE5}
	EndGlobalSection
EndGlobal
